
Microsoft Visual Studio Solution File, Format Version 12.00
# Visual Studio Version 17
VisualStudioVersion = 17.2.32519.379
MinimumVisualStudioVersion = 10.0.40219.1
Project("{FAE04EC0-301F-11D3-BF4B-00C04F79EFBC}") = "BarhiLibrarayApi", "BarhiLibrarayApi.csproj", "{B55CA078-FC3C-463F-98AF-AB2C0597EBEC}"
EndProject
Global
	GlobalSection(SolutionConfigurationPlatforms) = preSolution
		Debug|Any CPU = Debug|Any CPU
		Release|Any CPU = Release|Any CPU
	EndGlobalSection
	GlobalSection(ProjectConfigurationPlatforms) = postSolution
		{B55CA078-FC3C-463F-98AF-AB2C0597EBEC}.Debug|Any CPU.ActiveCfg = Debug|Any CPU
		{B55CA078-FC3C-463F-98AF-AB2C0597EBEC}.Debug|Any CPU.Build.0 = Debug|Any CPU
		{B55CA078-FC3C-463F-98AF-AB2C0597EBEC}.Release|Any CPU.ActiveCfg = Release|Any CPU
		{B55CA078-FC3C-463F-98AF-AB2C0597EBEC}.Release|Any CPU.Build.0 = Release|Any CPU
	EndGlobalSection
	GlobalSection(SolutionProperties) = preSolution
		HideSolutionNode = FALSE
	EndGlobalSection
	GlobalSection(ExtensibilityGlobals) = postSolution
		SolutionGuid = {E9CE4152-229C-4EBB-965B-E5C5136C08C9}
	EndGlobalSection
EndGlobal
